// !$*UTF8*$!
{
	archiveVersion = 1;
	classes = {
	};
	objectVersion = 50;
	objects = {

/* Begin PBXBuildFile section */
		0FF7255E27F9964400232D12 /* AppDelegate.swift in Sources */ = {isa = PBXBuildFile; fileRef = 0FF7255D27F9964400232D12 /* AppDelegate.swift */; };
		0FF7256027F9964400232D12 /* SceneDelegate.swift in Sources */ = {isa = PBXBuildFile; fileRef = 0FF7255F27F9964400232D12 /* SceneDelegate.swift */; };
		0FF7256227F9964400232D12 /* OnboardingContainerViewController.swift in Sources */ = {isa = PBXBuildFile; fileRef = 0FF7256127F9964400232D12 /* OnboardingContainerViewController.swift */; };
		0FF7256727F9964600232D12 /* Assets.xcassets in Resources */ = {isa = PBXBuildFile; fileRef = 0FF7256627F9964600232D12 /* Assets.xcassets */; };
		0FF7256A27F9964600232D12 /* LaunchScreen.storyboard in Resources */ = {isa = PBXBuildFile; fileRef = 0FF7256827F9964600232D12 /* LaunchScreen.storyboard */; };
		0FF7257527F9964600232D12 /* ZaloTests.swift in Sources */ = {isa = PBXBuildFile; fileRef = 0FF7257427F9964600232D12 /* ZaloTests.swift */; };
		0FF7258027F9964600232D12 /* ZaloUITests.swift in Sources */ = {isa = PBXBuildFile; fileRef = 0FF7257F27F9964600232D12 /* ZaloUITests.swift */; };
		0FF7259327F998A800232D12 /* OnboardingViewController.swift in Sources */ = {isa = PBXBuildFile; fileRef = 0FF7259227F998A800232D12 /* OnboardingViewController.swift */; };
		0FF7259527F99AF000232D12 /* Constants.swift in Sources */ = {isa = PBXBuildFile; fileRef = 0FF7259427F99AF000232D12 /* Constants.swift */; };
		0FF7259A27F9A39300232D12 /* CustomLabel.swift in Sources */ = {isa = PBXBuildFile; fileRef = 0FF7259927F9A39300232D12 /* CustomLabel.swift */; };
		0FF725D527FBE17000232D12 /* UIColor+Utils.swift in Sources */ = {isa = PBXBuildFile; fileRef = 0FF725D427FBE17000232D12 /* UIColor+Utils.swift */; };
		0FF725D727FBF05C00232D12 /* MainOnboardingViewController.swift in Sources */ = {isa = PBXBuildFile; fileRef = 0FF725D627FBF05C00232D12 /* MainOnboardingViewController.swift */; };
		0FF725DA27FBFCE900232D12 /* CustomButton.swift in Sources */ = {isa = PBXBuildFile; fileRef = 0FF725D927FBFCE900232D12 /* CustomButton.swift */; };
		0FF725DC27FC01A000232D12 /* NoImageOnboardingViewController.swift in Sources */ = {isa = PBXBuildFile; fileRef = 0FF725DB27FC01A000232D12 /* NoImageOnboardingViewController.swift */; };
		0FF725E127FC388800232D12 /* SignInViewController.swift in Sources */ = {isa = PBXBuildFile; fileRef = 0FF725E027FC388800232D12 /* SignInViewController.swift */; };
		0FF7265927FD2FDA00232D12 /* AuthenTextField.swift in Sources */ = {isa = PBXBuildFile; fileRef = 0FF7265827FD2FDA00232D12 /* AuthenTextField.swift */; };
		0FF7265B27FD30E000232D12 /* SignInView.swift in Sources */ = {isa = PBXBuildFile; fileRef = 0FF7265A27FD30E000232D12 /* SignInView.swift */; };
		0FF7265E27FD398900232D12 /* UIViewController+Utils.swift in Sources */ = {isa = PBXBuildFile; fileRef = 0FF7265D27FD398900232D12 /* UIViewController+Utils.swift */; };
		0FF7266027FD3B2900232D12 /* UITextField+Utils.swift in Sources */ = {isa = PBXBuildFile; fileRef = 0FF7265F27FD3B2900232D12 /* UITextField+Utils.swift */; };
		0FF7266327FDCFC900232D12 /* AuthenCriteria.swift in Sources */ = {isa = PBXBuildFile; fileRef = 0FF7266227FDCFC900232D12 /* AuthenCriteria.swift */; };
		0FF7266527FEA2FA00232D12 /* GrayDescriptionBarView.swift in Sources */ = {isa = PBXBuildFile; fileRef = 0FF7266427FEA2FA00232D12 /* GrayDescriptionBarView.swift */; };
		0FF7266927FEA5E800232D12 /* CreateAccountViewController.swift in Sources */ = {isa = PBXBuildFile; fileRef = 0FF7266827FEA5E800232D12 /* CreateAccountViewController.swift */; };
		0FF7266B27FFCB1A00232D12 /* NameCriteria.swift in Sources */ = {isa = PBXBuildFile; fileRef = 0FF7266A27FFCB1A00232D12 /* NameCriteria.swift */; };
		0FF7266D27FFCC2F00232D12 /* NameCriteriaView.swift in Sources */ = {isa = PBXBuildFile; fileRef = 0FF7266C27FFCC2F00232D12 /* NameCriteriaView.swift */; };
		0FF7266F27FFCDFF00232D12 /* NameCriteriaStatusView.swift in Sources */ = {isa = PBXBuildFile; fileRef = 0FF7266E27FFCDFF00232D12 /* NameCriteriaStatusView.swift */; };
		0FF7267127FFCFDF00232D12 /* NameTextField.swift in Sources */ = {isa = PBXBuildFile; fileRef = 0FF7267027FFCFDF00232D12 /* NameTextField.swift */; };
		0FF7267327FFDF1300232D12 /* FooterView.swift in Sources */ = {isa = PBXBuildFile; fileRef = 0FF7267227FFDF1300232D12 /* FooterView.swift */; };
		0FF726922801B66B00232D12 /* SignupViewController.swift in Sources */ = {isa = PBXBuildFile; fileRef = 0FF726912801B66B00232D12 /* SignupViewController.swift */; };
		0FF726952801BE8B00232D12 /* CreatePhoneViewController.swift in Sources */ = {isa = PBXBuildFile; fileRef = 0FF726942801BE8B00232D12 /* CreatePhoneViewController.swift */; };
		0FF726AB28028D9000232D12 /* CountryManager.swift in Sources */ = {isa = PBXBuildFile; fileRef = 0FF726AA28028D9000232D12 /* CountryManager.swift */; };
		0FF726AD2802F27600232D12 /* Configs.swift in Sources */ = {isa = PBXBuildFile; fileRef = 0FF726AC2802F27600232D12 /* Configs.swift */; };
		0FF726AF2802F2AD00232D12 /* BaseError.swift in Sources */ = {isa = PBXBuildFile; fileRef = 0FF726AE2802F2AD00232D12 /* BaseError.swift */; };
		0FF726B12802F3AC00232D12 /* CountryAPI.swift in Sources */ = {isa = PBXBuildFile; fileRef = 0FF726B02802F3AC00232D12 /* CountryAPI.swift */; };
		0FF726B32802F62500232D12 /* CountryViewModel.swift in Sources */ = {isa = PBXBuildFile; fileRef = 0FF726B22802F62500232D12 /* CountryViewModel.swift */; };
		0FF726B728030D8400232D12 /* Country.swift in Sources */ = {isa = PBXBuildFile; fileRef = 0FF726B628030D8400232D12 /* Country.swift */; };
		0FF726CC2803DABE00232D12 /* CountryCodeViewController.swift in Sources */ = {isa = PBXBuildFile; fileRef = 0FF726CB2803DABE00232D12 /* CountryCodeViewController.swift */; };
		0FF726CE280438B300232D12 /* CountryCodeTableViewCell.swift in Sources */ = {isa = PBXBuildFile; fileRef = 0FF726CD280438B300232D12 /* CountryCodeTableViewCell.swift */; };
		0FF726D028056F2100232D12 /* CountryCodeCustomHeaderCell.swift in Sources */ = {isa = PBXBuildFile; fileRef = 0FF726CF28056F2100232D12 /* CountryCodeCustomHeaderCell.swift */; };
/* End PBXBuildFile section */

/* Begin PBXContainerItemProxy section */
		0FF7257127F9964600232D12 /* PBXContainerItemProxy */ = {
			isa = PBXContainerItemProxy;
			containerPortal = 0FF7255227F9964400232D12 /* Project object */;
			proxyType = 1;
			remoteGlobalIDString = 0FF7255927F9964400232D12;
			remoteInfo = Zalo;
		};
		0FF7257C27F9964600232D12 /* PBXContainerItemProxy */ = {
			isa = PBXContainerItemProxy;
			containerPortal = 0FF7255227F9964400232D12 /* Project object */;
			proxyType = 1;
			remoteGlobalIDString = 0FF7255927F9964400232D12;
			remoteInfo = Zalo;
		};
/* End PBXContainerItemProxy section */

/* Begin PBXFileReference section */
		0FF7255A27F9964400232D12 /* Zalo.app */ = {isa = PBXFileReference; explicitFileType = wrapper.application; includeInIndex = 0; path = Zalo.app; sourceTree = BUILT_PRODUCTS_DIR; };
		0FF7255D27F9964400232D12 /* AppDelegate.swift */ = {isa = PBXFileReference; lastKnownFileType = sourcecode.swift; path = AppDelegate.swift; sourceTree = "<group>"; };
		0FF7255F27F9964400232D12 /* SceneDelegate.swift */ = {isa = PBXFileReference; lastKnownFileType = sourcecode.swift; path = SceneDelegate.swift; sourceTree = "<group>"; };
		0FF7256127F9964400232D12 /* OnboardingContainerViewController.swift */ = {isa = PBXFileReference; lastKnownFileType = sourcecode.swift; path = OnboardingContainerViewController.swift; sourceTree = "<group>"; };
		0FF7256627F9964600232D12 /* Assets.xcassets */ = {isa = PBXFileReference; lastKnownFileType = folder.assetcatalog; path = Assets.xcassets; sourceTree = "<group>"; };
		0FF7256927F9964600232D12 /* Base */ = {isa = PBXFileReference; lastKnownFileType = file.storyboard; name = Base; path = Base.lproj/LaunchScreen.storyboard; sourceTree = "<group>"; };
		0FF7256B27F9964600232D12 /* Info.plist */ = {isa = PBXFileReference; lastKnownFileType = text.plist.xml; path = Info.plist; sourceTree = "<group>"; };
		0FF7257027F9964600232D12 /* ZaloTests.xctest */ = {isa = PBXFileReference; explicitFileType = wrapper.cfbundle; includeInIndex = 0; path = ZaloTests.xctest; sourceTree = BUILT_PRODUCTS_DIR; };
		0FF7257427F9964600232D12 /* ZaloTests.swift */ = {isa = PBXFileReference; lastKnownFileType = sourcecode.swift; path = ZaloTests.swift; sourceTree = "<group>"; };
		0FF7257627F9964600232D12 /* Info.plist */ = {isa = PBXFileReference; lastKnownFileType = text.plist.xml; path = Info.plist; sourceTree = "<group>"; };
		0FF7257B27F9964600232D12 /* ZaloUITests.xctest */ = {isa = PBXFileReference; explicitFileType = wrapper.cfbundle; includeInIndex = 0; path = ZaloUITests.xctest; sourceTree = BUILT_PRODUCTS_DIR; };
		0FF7257F27F9964600232D12 /* ZaloUITests.swift */ = {isa = PBXFileReference; lastKnownFileType = sourcecode.swift; path = ZaloUITests.swift; sourceTree = "<group>"; };
		0FF7258127F9964600232D12 /* Info.plist */ = {isa = PBXFileReference; lastKnownFileType = text.plist.xml; path = Info.plist; sourceTree = "<group>"; };
		0FF7259227F998A800232D12 /* OnboardingViewController.swift */ = {isa = PBXFileReference; lastKnownFileType = sourcecode.swift; path = OnboardingViewController.swift; sourceTree = "<group>"; };
		0FF7259427F99AF000232D12 /* Constants.swift */ = {isa = PBXFileReference; lastKnownFileType = sourcecode.swift; path = Constants.swift; sourceTree = "<group>"; };
		0FF7259927F9A39300232D12 /* CustomLabel.swift */ = {isa = PBXFileReference; lastKnownFileType = sourcecode.swift; path = CustomLabel.swift; sourceTree = "<group>"; };
		0FF725D427FBE17000232D12 /* UIColor+Utils.swift */ = {isa = PBXFileReference; lastKnownFileType = sourcecode.swift; path = "UIColor+Utils.swift"; sourceTree = "<group>"; };
		0FF725D627FBF05C00232D12 /* MainOnboardingViewController.swift */ = {isa = PBXFileReference; lastKnownFileType = sourcecode.swift; path = MainOnboardingViewController.swift; sourceTree = "<group>"; };
		0FF725D927FBFCE900232D12 /* CustomButton.swift */ = {isa = PBXFileReference; lastKnownFileType = sourcecode.swift; path = CustomButton.swift; sourceTree = "<group>"; };
		0FF725DB27FC01A000232D12 /* NoImageOnboardingViewController.swift */ = {isa = PBXFileReference; lastKnownFileType = sourcecode.swift; path = NoImageOnboardingViewController.swift; sourceTree = "<group>"; };
		0FF725E027FC388800232D12 /* SignInViewController.swift */ = {isa = PBXFileReference; lastKnownFileType = sourcecode.swift; path = SignInViewController.swift; sourceTree = "<group>"; };
		0FF7265827FD2FDA00232D12 /* AuthenTextField.swift */ = {isa = PBXFileReference; lastKnownFileType = sourcecode.swift; path = AuthenTextField.swift; sourceTree = "<group>"; };
		0FF7265A27FD30E000232D12 /* SignInView.swift */ = {isa = PBXFileReference; lastKnownFileType = sourcecode.swift; path = SignInView.swift; sourceTree = "<group>"; };
		0FF7265D27FD398900232D12 /* UIViewController+Utils.swift */ = {isa = PBXFileReference; lastKnownFileType = sourcecode.swift; path = "UIViewController+Utils.swift"; sourceTree = "<group>"; };
		0FF7265F27FD3B2900232D12 /* UITextField+Utils.swift */ = {isa = PBXFileReference; lastKnownFileType = sourcecode.swift; path = "UITextField+Utils.swift"; sourceTree = "<group>"; };
		0FF7266227FDCFC900232D12 /* AuthenCriteria.swift */ = {isa = PBXFileReference; lastKnownFileType = sourcecode.swift; path = AuthenCriteria.swift; sourceTree = "<group>"; };
		0FF7266427FEA2FA00232D12 /* GrayDescriptionBarView.swift */ = {isa = PBXFileReference; lastKnownFileType = sourcecode.swift; path = GrayDescriptionBarView.swift; sourceTree = "<group>"; };
		0FF7266827FEA5E800232D12 /* CreateAccountViewController.swift */ = {isa = PBXFileReference; lastKnownFileType = sourcecode.swift; path = CreateAccountViewController.swift; sourceTree = "<group>"; };
		0FF7266A27FFCB1A00232D12 /* NameCriteria.swift */ = {isa = PBXFileReference; lastKnownFileType = sourcecode.swift; path = NameCriteria.swift; sourceTree = "<group>"; };
		0FF7266C27FFCC2F00232D12 /* NameCriteriaView.swift */ = {isa = PBXFileReference; lastKnownFileType = sourcecode.swift; path = NameCriteriaView.swift; sourceTree = "<group>"; };
		0FF7266E27FFCDFF00232D12 /* NameCriteriaStatusView.swift */ = {isa = PBXFileReference; lastKnownFileType = sourcecode.swift; path = NameCriteriaStatusView.swift; sourceTree = "<group>"; };
		0FF7267027FFCFDF00232D12 /* NameTextField.swift */ = {isa = PBXFileReference; lastKnownFileType = sourcecode.swift; path = NameTextField.swift; sourceTree = "<group>"; };
		0FF7267227FFDF1300232D12 /* FooterView.swift */ = {isa = PBXFileReference; lastKnownFileType = sourcecode.swift; path = FooterView.swift; sourceTree = "<group>"; };
		0FF726912801B66B00232D12 /* SignupViewController.swift */ = {isa = PBXFileReference; lastKnownFileType = sourcecode.swift; path = SignupViewController.swift; sourceTree = "<group>"; };
		0FF726942801BE8B00232D12 /* CreatePhoneViewController.swift */ = {isa = PBXFileReference; lastKnownFileType = sourcecode.swift; path = CreatePhoneViewController.swift; sourceTree = "<group>"; };
		0FF726AA28028D9000232D12 /* CountryManager.swift */ = {isa = PBXFileReference; lastKnownFileType = sourcecode.swift; path = CountryManager.swift; sourceTree = "<group>"; };
		0FF726AC2802F27600232D12 /* Configs.swift */ = {isa = PBXFileReference; lastKnownFileType = sourcecode.swift; path = Configs.swift; sourceTree = "<group>"; };
		0FF726AE2802F2AD00232D12 /* BaseError.swift */ = {isa = PBXFileReference; lastKnownFileType = sourcecode.swift; path = BaseError.swift; sourceTree = "<group>"; };
		0FF726B02802F3AC00232D12 /* CountryAPI.swift */ = {isa = PBXFileReference; lastKnownFileType = sourcecode.swift; path = CountryAPI.swift; sourceTree = "<group>"; };
		0FF726B22802F62500232D12 /* CountryViewModel.swift */ = {isa = PBXFileReference; lastKnownFileType = sourcecode.swift; path = CountryViewModel.swift; sourceTree = "<group>"; };
		0FF726B628030D8400232D12 /* Country.swift */ = {isa = PBXFileReference; lastKnownFileType = sourcecode.swift; path = Country.swift; sourceTree = "<group>"; };
		0FF726CB2803DABE00232D12 /* CountryCodeViewController.swift */ = {isa = PBXFileReference; lastKnownFileType = sourcecode.swift; path = CountryCodeViewController.swift; sourceTree = "<group>"; };
		0FF726CD280438B300232D12 /* CountryCodeTableViewCell.swift */ = {isa = PBXFileReference; lastKnownFileType = sourcecode.swift; path = CountryCodeTableViewCell.swift; sourceTree = "<group>"; };
		0FF726CF28056F2100232D12 /* CountryCodeCustomHeaderCell.swift */ = {isa = PBXFileReference; lastKnownFileType = sourcecode.swift; path = CountryCodeCustomHeaderCell.swift; sourceTree = "<group>"; };
/* End PBXFileReference section */

/* Begin PBXFrameworksBuildPhase section */
		0FF7255727F9964400232D12 /* Frameworks */ = {
			isa = PBXFrameworksBuildPhase;
			buildActionMask = 2147483647;
			files = (
			);
			runOnlyForDeploymentPostprocessing = 0;
		};
		0FF7256D27F9964600232D12 /* Frameworks */ = {
			isa = PBXFrameworksBuildPhase;
			buildActionMask = 2147483647;
			files = (
			);
			runOnlyForDeploymentPostprocessing = 0;
		};
		0FF7257827F9964600232D12 /* Frameworks */ = {
			isa = PBXFrameworksBuildPhase;
			buildActionMask = 2147483647;
			files = (
			);
			runOnlyForDeploymentPostprocessing = 0;
		};
/* End PBXFrameworksBuildPhase section */

/* Begin PBXGroup section */
		0FF7255127F9964400232D12 = {
			isa = PBXGroup;
			children = (
				0FF7255C27F9964400232D12 /* Zalo */,
				0FF7257327F9964600232D12 /* ZaloTests */,
				0FF7257E27F9964600232D12 /* ZaloUITests */,
				0FF7255B27F9964400232D12 /* Products */,
			);
			sourceTree = "<group>";
		};
		0FF7255B27F9964400232D12 /* Products */ = {
			isa = PBXGroup;
			children = (
				0FF7255A27F9964400232D12 /* Zalo.app */,
				0FF7257027F9964600232D12 /* ZaloTests.xctest */,
				0FF7257B27F9964600232D12 /* ZaloUITests.xctest */,
			);
			name = Products;
			sourceTree = "<group>";
		};
		0FF7255C27F9964400232D12 /* Zalo */ = {
			isa = PBXGroup;
			children = (
				0FF726A928028D5A00232D12 /* NetworkManager */,
				0FF7259727F9A37C00232D12 /* CustomUI */,
				0FF7259027F996C300232D12 /* Utils */,
				0FF7258F27F996BF00232D12 /* Model */,
				0FF7258E27F996BB00232D12 /* View */,
				0FF7258D27F996B100232D12 /* ViewModel */,
				0FF7255D27F9964400232D12 /* AppDelegate.swift */,
				0FF7255F27F9964400232D12 /* SceneDelegate.swift */,
				0FF7256627F9964600232D12 /* Assets.xcassets */,
				0FF7256827F9964600232D12 /* LaunchScreen.storyboard */,
				0FF7256B27F9964600232D12 /* Info.plist */,
			);
			path = Zalo;
			sourceTree = "<group>";
		};
		0FF7257327F9964600232D12 /* ZaloTests */ = {
			isa = PBXGroup;
			children = (
				0FF7257427F9964600232D12 /* ZaloTests.swift */,
				0FF7257627F9964600232D12 /* Info.plist */,
			);
			path = ZaloTests;
			sourceTree = "<group>";
		};
		0FF7257E27F9964600232D12 /* ZaloUITests */ = {
			isa = PBXGroup;
			children = (
				0FF7257F27F9964600232D12 /* ZaloUITests.swift */,
				0FF7258127F9964600232D12 /* Info.plist */,
			);
			path = ZaloUITests;
			sourceTree = "<group>";
		};
		0FF7258D27F996B100232D12 /* ViewModel */ = {
			isa = PBXGroup;
			children = (
				0FF726B42802F62C00232D12 /* Signup */,
			);
			path = ViewModel;
			sourceTree = "<group>";
		};
		0FF7258E27F996BB00232D12 /* View */ = {
			isa = PBXGroup;
			children = (
				0FF725DF27FC387700232D12 /* Authen */,
				0FF7259127F9988900232D12 /* Onboarding */,
			);
			path = View;
			sourceTree = "<group>";
		};
		0FF7258F27F996BF00232D12 /* Model */ = {
			isa = PBXGroup;
			children = (
				0FF726B528030D6000232D12 /* API */,
				0FF726B628030D8400232D12 /* Country.swift */,
			);
			path = Model;
			sourceTree = "<group>";
		};
		0FF7259027F996C300232D12 /* Utils */ = {
			isa = PBXGroup;
			children = (
				0FF7259427F99AF000232D12 /* Constants.swift */,
				0FF725D427FBE17000232D12 /* UIColor+Utils.swift */,
				0FF7265D27FD398900232D12 /* UIViewController+Utils.swift */,
				0FF7265F27FD3B2900232D12 /* UITextField+Utils.swift */,
			);
			path = Utils;
			sourceTree = "<group>";
		};
		0FF7259127F9988900232D12 /* Onboarding */ = {
			isa = PBXGroup;
			children = (
				0FF7256127F9964400232D12 /* OnboardingContainerViewController.swift */,
				0FF7259227F998A800232D12 /* OnboardingViewController.swift */,
				0FF725D627FBF05C00232D12 /* MainOnboardingViewController.swift */,
				0FF725DB27FC01A000232D12 /* NoImageOnboardingViewController.swift */,
			);
			path = Onboarding;
			sourceTree = "<group>";
		};
		0FF7259727F9A37C00232D12 /* CustomUI */ = {
			isa = PBXGroup;
			children = (
				0FF7265C27FD396E00232D12 /* ViewController */,
				0FF725D827FBFCC200232D12 /* Buttons */,
				0FF7259827F9A38200232D12 /* Labels */,
			);
			path = CustomUI;
			sourceTree = "<group>";
		};
		0FF7259827F9A38200232D12 /* Labels */ = {
			isa = PBXGroup;
			children = (
				0FF7259927F9A39300232D12 /* CustomLabel.swift */,
			);
			path = Labels;
			sourceTree = "<group>";
		};
		0FF725D827FBFCC200232D12 /* Buttons */ = {
			isa = PBXGroup;
			children = (
				0FF725D927FBFCE900232D12 /* CustomButton.swift */,
			);
			path = Buttons;
			sourceTree = "<group>";
		};
		0FF725DF27FC387700232D12 /* Authen */ = {
			isa = PBXGroup;
			children = (
				0FF7266727FEA55500232D12 /* SignUp */,
				0FF7266627FEA54600232D12 /* SignIn */,
				0FF7266127FDCFB000232D12 /* Criteria */,
				0FF7265827FD2FDA00232D12 /* AuthenTextField.swift */,
				0FF7266427FEA2FA00232D12 /* GrayDescriptionBarView.swift */,
			);
			path = Authen;
			sourceTree = "<group>";
		};
		0FF7265C27FD396E00232D12 /* ViewController */ = {
			isa = PBXGroup;
			children = (
			);
			path = ViewController;
			sourceTree = "<group>";
		};
		0FF7266127FDCFB000232D12 /* Criteria */ = {
			isa = PBXGroup;
			children = (
				0FF7266227FDCFC900232D12 /* AuthenCriteria.swift */,
				0FF7266A27FFCB1A00232D12 /* NameCriteria.swift */,
			);
			path = Criteria;
			sourceTree = "<group>";
		};
		0FF7266627FEA54600232D12 /* SignIn */ = {
			isa = PBXGroup;
			children = (
				0FF725E027FC388800232D12 /* SignInViewController.swift */,
				0FF7265A27FD30E000232D12 /* SignInView.swift */,
			);
			path = SignIn;
			sourceTree = "<group>";
		};
		0FF7266727FEA55500232D12 /* SignUp */ = {
			isa = PBXGroup;
			children = (
				0FF726932801BE6A00232D12 /* CreatePhonePage */,
				0FF7267427FFDF1B00232D12 /* CreateNamePage */,
				0FF7267227FFDF1300232D12 /* FooterView.swift */,
				0FF726912801B66B00232D12 /* SignupViewController.swift */,
			);
			path = SignUp;
			sourceTree = "<group>";
		};
		0FF7267427FFDF1B00232D12 /* CreateNamePage */ = {
			isa = PBXGroup;
			children = (
				0FF7266827FEA5E800232D12 /* CreateAccountViewController.swift */,
				0FF7266C27FFCC2F00232D12 /* NameCriteriaView.swift */,
				0FF7266E27FFCDFF00232D12 /* NameCriteriaStatusView.swift */,
				0FF7267027FFCFDF00232D12 /* NameTextField.swift */,
			);
			path = CreateNamePage;
			sourceTree = "<group>";
		};
		0FF726932801BE6A00232D12 /* CreatePhonePage */ = {
			isa = PBXGroup;
			children = (
				0FF726942801BE8B00232D12 /* CreatePhoneViewController.swift */,
				0FF726CB2803DABE00232D12 /* CountryCodeViewController.swift */,
				0FF726CD280438B300232D12 /* CountryCodeTableViewCell.swift */,
				0FF726CF28056F2100232D12 /* CountryCodeCustomHeaderCell.swift */,
			);
			path = CreatePhonePage;
			sourceTree = "<group>";
		};
		0FF726A928028D5A00232D12 /* NetworkManager */ = {
			isa = PBXGroup;
			children = (
				0FF726AA28028D9000232D12 /* CountryManager.swift */,
				0FF726AC2802F27600232D12 /* Configs.swift */,
				0FF726AE2802F2AD00232D12 /* BaseError.swift */,
			);
			path = NetworkManager;
			sourceTree = "<group>";
		};
		0FF726B42802F62C00232D12 /* Signup */ = {
			isa = PBXGroup;
			children = (
				0FF726B22802F62500232D12 /* CountryViewModel.swift */,
			);
			path = Signup;
			sourceTree = "<group>";
		};
		0FF726B528030D6000232D12 /* API */ = {
			isa = PBXGroup;
			children = (
				0FF726B02802F3AC00232D12 /* CountryAPI.swift */,
			);
			path = API;
			sourceTree = "<group>";
		};
/* End PBXGroup section */

/* Begin PBXNativeTarget section */
		0FF7255927F9964400232D12 /* Zalo */ = {
			isa = PBXNativeTarget;
			buildConfigurationList = 0FF7258427F9964600232D12 /* Build configuration list for PBXNativeTarget "Zalo" */;
			buildPhases = (
				0FF7255627F9964400232D12 /* Sources */,
				0FF7255727F9964400232D12 /* Frameworks */,
				0FF7255827F9964400232D12 /* Resources */,
			);
			buildRules = (
			);
			dependencies = (
			);
			name = Zalo;
			productName = Zalo;
			productReference = 0FF7255A27F9964400232D12 /* Zalo.app */;
			productType = "com.apple.product-type.application";
		};
		0FF7256F27F9964600232D12 /* ZaloTests */ = {
			isa = PBXNativeTarget;
			buildConfigurationList = 0FF7258727F9964600232D12 /* Build configuration list for PBXNativeTarget "ZaloTests" */;
			buildPhases = (
				0FF7256C27F9964600232D12 /* Sources */,
				0FF7256D27F9964600232D12 /* Frameworks */,
				0FF7256E27F9964600232D12 /* Resources */,
			);
			buildRules = (
			);
			dependencies = (
				0FF7257227F9964600232D12 /* PBXTargetDependency */,
			);
			name = ZaloTests;
			productName = ZaloTests;
			productReference = 0FF7257027F9964600232D12 /* ZaloTests.xctest */;
			productType = "com.apple.product-type.bundle.unit-test";
		};
		0FF7257A27F9964600232D12 /* ZaloUITests */ = {
			isa = PBXNativeTarget;
			buildConfigurationList = 0FF7258A27F9964600232D12 /* Build configuration list for PBXNativeTarget "ZaloUITests" */;
			buildPhases = (
				0FF7257727F9964600232D12 /* Sources */,
				0FF7257827F9964600232D12 /* Frameworks */,
				0FF7257927F9964600232D12 /* Resources */,
			);
			buildRules = (
			);
			dependencies = (
				0FF7257D27F9964600232D12 /* PBXTargetDependency */,
			);
			name = ZaloUITests;
			productName = ZaloUITests;
			productReference = 0FF7257B27F9964600232D12 /* ZaloUITests.xctest */;
			productType = "com.apple.product-type.bundle.ui-testing";
		};
/* End PBXNativeTarget section */

/* Begin PBXProject section */
		0FF7255227F9964400232D12 /* Project object */ = {
			isa = PBXProject;
			attributes = {
				LastSwiftUpdateCheck = 1250;
				LastUpgradeCheck = 1250;
				TargetAttributes = {
					0FF7255927F9964400232D12 = {
						CreatedOnToolsVersion = 12.5;
					};
					0FF7256F27F9964600232D12 = {
						CreatedOnToolsVersion = 12.5;
						TestTargetID = 0FF7255927F9964400232D12;
					};
					0FF7257A27F9964600232D12 = {
						CreatedOnToolsVersion = 12.5;
						TestTargetID = 0FF7255927F9964400232D12;
					};
				};
			};
			buildConfigurationList = 0FF7255527F9964400232D12 /* Build configuration list for PBXProject "Zalo" */;
			compatibilityVersion = "Xcode 9.3";
			developmentRegion = en;
			hasScannedForEncodings = 0;
			knownRegions = (
				en,
				Base,
			);
			mainGroup = 0FF7255127F9964400232D12;
			productRefGroup = 0FF7255B27F9964400232D12 /* Products */;
			projectDirPath = "";
			projectRoot = "";
			targets = (
				0FF7255927F9964400232D12 /* Zalo */,
				0FF7256F27F9964600232D12 /* ZaloTests */,
				0FF7257A27F9964600232D12 /* ZaloUITests */,
			);
		};
/* End PBXProject section */

/* Begin PBXResourcesBuildPhase section */
		0FF7255827F9964400232D12 /* Resources */ = {
			isa = PBXResourcesBuildPhase;
			buildActionMask = 2147483647;
			files = (
				0FF7256A27F9964600232D12 /* LaunchScreen.storyboard in Resources */,
				0FF7256727F9964600232D12 /* Assets.xcassets in Resources */,
			);
			runOnlyForDeploymentPostprocessing = 0;
		};
		0FF7256E27F9964600232D12 /* Resources */ = {
			isa = PBXResourcesBuildPhase;
			buildActionMask = 2147483647;
			files = (
			);
			runOnlyForDeploymentPostprocessing = 0;
		};
		0FF7257927F9964600232D12 /* Resources */ = {
			isa = PBXResourcesBuildPhase;
			buildActionMask = 2147483647;
			files = (
			);
			runOnlyForDeploymentPostprocessing = 0;
		};
/* End PBXResourcesBuildPhase section */

/* Begin PBXSourcesBuildPhase section */
		0FF7255627F9964400232D12 /* Sources */ = {
			isa = PBXSourcesBuildPhase;
			buildActionMask = 2147483647;
			files = (
				0FF725E127FC388800232D12 /* SignInViewController.swift in Sources */,
				0FF7259527F99AF000232D12 /* Constants.swift in Sources */,
				0FF7265E27FD398900232D12 /* UIViewController+Utils.swift in Sources */,
				0FF7259A27F9A39300232D12 /* CustomLabel.swift in Sources */,
				0FF725DA27FBFCE900232D12 /* CustomButton.swift in Sources */,
				0FF7256227F9964400232D12 /* OnboardingContainerViewController.swift in Sources */,
				0FF7267127FFCFDF00232D12 /* NameTextField.swift in Sources */,
				0FF7266927FEA5E800232D12 /* CreateAccountViewController.swift in Sources */,
				0FF726D028056F2100232D12 /* CountryCodeCustomHeaderCell.swift in Sources */,
				0FF726CC2803DABE00232D12 /* CountryCodeViewController.swift in Sources */,
				0FF726B12802F3AC00232D12 /* CountryAPI.swift in Sources */,
				0FF726B32802F62500232D12 /* CountryViewModel.swift in Sources */,
				0FF726AD2802F27600232D12 /* Configs.swift in Sources */,
				0FF725DC27FC01A000232D12 /* NoImageOnboardingViewController.swift in Sources */,
				0FF7266327FDCFC900232D12 /* AuthenCriteria.swift in Sources */,
				0FF7255E27F9964400232D12 /* AppDelegate.swift in Sources */,
				0FF725D727FBF05C00232D12 /* MainOnboardingViewController.swift in Sources */,
				0FF7256027F9964400232D12 /* SceneDelegate.swift in Sources */,
				0FF7266D27FFCC2F00232D12 /* NameCriteriaView.swift in Sources */,
				0FF7266027FD3B2900232D12 /* UITextField+Utils.swift in Sources */,
				0FF7259327F998A800232D12 /* OnboardingViewController.swift in Sources */,
				0FF7265927FD2FDA00232D12 /* AuthenTextField.swift in Sources */,
				0FF7266F27FFCDFF00232D12 /* NameCriteriaStatusView.swift in Sources */,
				0FF726922801B66B00232D12 /* SignupViewController.swift in Sources */,
				0FF725D527FBE17000232D12 /* UIColor+Utils.swift in Sources */,
				0FF7265B27FD30E000232D12 /* SignInView.swift in Sources */,
				0FF7266B27FFCB1A00232D12 /* NameCriteria.swift in Sources */,
				0FF726AB28028D9000232D12 /* CountryManager.swift in Sources */,
				0FF726952801BE8B00232D12 /* CreatePhoneViewController.swift in Sources */,
				0FF726CE280438B300232D12 /* CountryCodeTableViewCell.swift in Sources */,
				0FF7266527FEA2FA00232D12 /* GrayDescriptionBarView.swift in Sources */,
				0FF7267327FFDF1300232D12 /* FooterView.swift in Sources */,
				0FF726B728030D8400232D12 /* Country.swift in Sources */,
				0FF726AF2802F2AD00232D12 /* BaseError.swift in Sources */,
			);
			runOnlyForDeploymentPostprocessing = 0;
		};
		0FF7256C27F9964600232D12 /* Sources */ = {
			isa = PBXSourcesBuildPhase;
			buildActionMask = 2147483647;
			files = (
				0FF7257527F9964600232D12 /* ZaloTests.swift in Sources */,
			);
			runOnlyForDeploymentPostprocessing = 0;
		};
		0FF7257727F9964600232D12 /* Sources */ = {
			isa = PBXSourcesBuildPhase;
			buildActionMask = 2147483647;
			files = (
				0FF7258027F9964600232D12 /* ZaloUITests.swift in Sources */,
			);
			runOnlyForDeploymentPostprocessing = 0;
		};
/* End PBXSourcesBuildPhase section */

/* Begin PBXTargetDependency section */
		0FF7257227F9964600232D12 /* PBXTargetDependency */ = {
			isa = PBXTargetDependency;
			target = 0FF7255927F9964400232D12 /* Zalo */;
			targetProxy = 0FF7257127F9964600232D12 /* PBXContainerItemProxy */;
		};
		0FF7257D27F9964600232D12 /* PBXTargetDependency */ = {
			isa = PBXTargetDependency;
			target = 0FF7255927F9964400232D12 /* Zalo */;
			targetProxy = 0FF7257C27F9964600232D12 /* PBXContainerItemProxy */;
		};
/* End PBXTargetDependency section */

/* Begin PBXVariantGroup section */
		0FF7256827F9964600232D12 /* LaunchScreen.storyboard */ = {
			isa = PBXVariantGroup;
			children = (
				0FF7256927F9964600232D12 /* Base */,
			);
			name = LaunchScreen.storyboard;
			sourceTree = "<group>";
		};
/* End PBXVariantGroup section */

/* Begin XCBuildConfiguration section */
		0FF7258227F9964600232D12 /* Debug */ = {
			isa = XCBuildConfiguration;
			buildSettings = {
				ALWAYS_SEARCH_USER_PATHS = NO;
				CLANG_ANALYZER_NONNULL = YES;
				CLANG_ANALYZER_NUMBER_OBJECT_CONVERSION = YES_AGGRESSIVE;
				CLANG_CXX_LANGUAGE_STANDARD = "gnu++14";
				CLANG_CXX_LIBRARY = "libc++";
				CLANG_ENABLE_MODULES = YES;
				CLANG_ENABLE_OBJC_ARC = YES;
				CLANG_ENABLE_OBJC_WEAK = YES;
				CLANG_WARN_BLOCK_CAPTURE_AUTORELEASING = YES;
				CLANG_WARN_BOOL_CONVERSION = YES;
				CLANG_WARN_COMMA = YES;
				CLANG_WARN_CONSTANT_CONVERSION = YES;
				CLANG_WARN_DEPRECATED_OBJC_IMPLEMENTATIONS = YES;
				CLANG_WARN_DIRECT_OBJC_ISA_USAGE = YES_ERROR;
				CLANG_WARN_DOCUMENTATION_COMMENTS = YES;
				CLANG_WARN_EMPTY_BODY = YES;
				CLANG_WARN_ENUM_CONVERSION = YES;
				CLANG_WARN_INFINITE_RECURSION = YES;
				CLANG_WARN_INT_CONVERSION = YES;
				CLANG_WARN_NON_LITERAL_NULL_CONVERSION = YES;
				CLANG_WARN_OBJC_IMPLICIT_RETAIN_SELF = YES;
				CLANG_WARN_OBJC_LITERAL_CONVERSION = YES;
				CLANG_WARN_OBJC_ROOT_CLASS = YES_ERROR;
				CLANG_WARN_QUOTED_INCLUDE_IN_FRAMEWORK_HEADER = YES;
				CLANG_WARN_RANGE_LOOP_ANALYSIS = YES;
				CLANG_WARN_STRICT_PROTOTYPES = YES;
				CLANG_WARN_SUSPICIOUS_MOVE = YES;
				CLANG_WARN_UNGUARDED_AVAILABILITY = YES_AGGRESSIVE;
				CLANG_WARN_UNREACHABLE_CODE = YES;
				CLANG_WARN__DUPLICATE_METHOD_MATCH = YES;
				COPY_PHASE_STRIP = NO;
				DEBUG_INFORMATION_FORMAT = dwarf;
				ENABLE_STRICT_OBJC_MSGSEND = YES;
				ENABLE_TESTABILITY = YES;
				GCC_C_LANGUAGE_STANDARD = gnu11;
				GCC_DYNAMIC_NO_PIC = NO;
				GCC_NO_COMMON_BLOCKS = YES;
				GCC_OPTIMIZATION_LEVEL = 0;
				GCC_PREPROCESSOR_DEFINITIONS = (
					"DEBUG=1",
					"$(inherited)",
				);
				GCC_WARN_64_TO_32_BIT_CONVERSION = YES;
				GCC_WARN_ABOUT_RETURN_TYPE = YES_ERROR;
				GCC_WARN_UNDECLARED_SELECTOR = YES;
				GCC_WARN_UNINITIALIZED_AUTOS = YES_AGGRESSIVE;
				GCC_WARN_UNUSED_FUNCTION = YES;
				GCC_WARN_UNUSED_VARIABLE = YES;
				IPHONEOS_DEPLOYMENT_TARGET = 14.5;
				MTL_ENABLE_DEBUG_INFO = INCLUDE_SOURCE;
				MTL_FAST_MATH = YES;
				ONLY_ACTIVE_ARCH = YES;
				SDKROOT = iphoneos;
				SWIFT_ACTIVE_COMPILATION_CONDITIONS = DEBUG;
				SWIFT_OPTIMIZATION_LEVEL = "-Onone";
			};
			name = Debug;
		};
		0FF7258327F9964600232D12 /* Release */ = {
			isa = XCBuildConfiguration;
			buildSettings = {
				ALWAYS_SEARCH_USER_PATHS = NO;
				CLANG_ANALYZER_NONNULL = YES;
				CLANG_ANALYZER_NUMBER_OBJECT_CONVERSION = YES_AGGRESSIVE;
				CLANG_CXX_LANGUAGE_STANDARD = "gnu++14";
				CLANG_CXX_LIBRARY = "libc++";
				CLANG_ENABLE_MODULES = YES;
				CLANG_ENABLE_OBJC_ARC = YES;
				CLANG_ENABLE_OBJC_WEAK = YES;
				CLANG_WARN_BLOCK_CAPTURE_AUTORELEASING = YES;
				CLANG_WARN_BOOL_CONVERSION = YES;
				CLANG_WARN_COMMA = YES;
				CLANG_WARN_CONSTANT_CONVERSION = YES;
				CLANG_WARN_DEPRECATED_OBJC_IMPLEMENTATIONS = YES;
				CLANG_WARN_DIRECT_OBJC_ISA_USAGE = YES_ERROR;
				CLANG_WARN_DOCUMENTATION_COMMENTS = YES;
				CLANG_WARN_EMPTY_BODY = YES;
				CLANG_WARN_ENUM_CONVERSION = YES;
				CLANG_WARN_INFINITE_RECURSION = YES;
				CLANG_WARN_INT_CONVERSION = YES;
				CLANG_WARN_NON_LITERAL_NULL_CONVERSION = YES;
				CLANG_WARN_OBJC_IMPLICIT_RETAIN_SELF = YES;
				CLANG_WARN_OBJC_LITERAL_CONVERSION = YES;
				CLANG_WARN_OBJC_ROOT_CLASS = YES_ERROR;
				CLANG_WARN_QUOTED_INCLUDE_IN_FRAMEWORK_HEADER = YES;
				CLANG_WARN_RANGE_LOOP_ANALYSIS = YES;
				CLANG_WARN_STRICT_PROTOTYPES = YES;
				CLANG_WARN_SUSPICIOUS_MOVE = YES;
				CLANG_WARN_UNGUARDED_AVAILABILITY = YES_AGGRESSIVE;
				CLANG_WARN_UNREACHABLE_CODE = YES;
				CLANG_WARN__DUPLICATE_METHOD_MATCH = YES;
				COPY_PHASE_STRIP = NO;
				DEBUG_INFORMATION_FORMAT = "dwarf-with-dsym";
				ENABLE_NS_ASSERTIONS = NO;
				ENABLE_STRICT_OBJC_MSGSEND = YES;
				GCC_C_LANGUAGE_STANDARD = gnu11;
				GCC_NO_COMMON_BLOCKS = YES;
				GCC_WARN_64_TO_32_BIT_CONVERSION = YES;
				GCC_WARN_ABOUT_RETURN_TYPE = YES_ERROR;
				GCC_WARN_UNDECLARED_SELECTOR = YES;
				GCC_WARN_UNINITIALIZED_AUTOS = YES_AGGRESSIVE;
				GCC_WARN_UNUSED_FUNCTION = YES;
				GCC_WARN_UNUSED_VARIABLE = YES;
				IPHONEOS_DEPLOYMENT_TARGET = 14.5;
				MTL_ENABLE_DEBUG_INFO = NO;
				MTL_FAST_MATH = YES;
				SDKROOT = iphoneos;
				SWIFT_COMPILATION_MODE = wholemodule;
				SWIFT_OPTIMIZATION_LEVEL = "-O";
				VALIDATE_PRODUCT = YES;
			};
			name = Release;
		};
		0FF7258527F9964600232D12 /* Debug */ = {
			isa = XCBuildConfiguration;
			buildSettings = {
				ASSETCATALOG_COMPILER_APPICON_NAME = AppIcon;
				ASSETCATALOG_COMPILER_GLOBAL_ACCENT_COLOR_NAME = AccentColor;
				CODE_SIGN_STYLE = Automatic;
				DEVELOPMENT_TEAM = U83K4L583M;
				INFOPLIST_FILE = Zalo/Info.plist;
				LD_RUNPATH_SEARCH_PATHS = (
					"$(inherited)",
					"@executable_path/Frameworks",
				);
				PRODUCT_BUNDLE_IDENTIFIER = com.iMan.Zalo;
				PRODUCT_NAME = "$(TARGET_NAME)";
				SWIFT_VERSION = 5.0;
				TARGETED_DEVICE_FAMILY = "1,2";
			};
			name = Debug;
		};
		0FF7258627F9964600232D12 /* Release */ = {
			isa = XCBuildConfiguration;
			buildSettings = {
				ASSETCATALOG_COMPILER_APPICON_NAME = AppIcon;
				ASSETCATALOG_COMPILER_GLOBAL_ACCENT_COLOR_NAME = AccentColor;
				CODE_SIGN_STYLE = Automatic;
				DEVELOPMENT_TEAM = U83K4L583M;
				INFOPLIST_FILE = Zalo/Info.plist;
				LD_RUNPATH_SEARCH_PATHS = (
					"$(inherited)",
					"@executable_path/Frameworks",
				);
				PRODUCT_BUNDLE_IDENTIFIER = com.iMan.Zalo;
				PRODUCT_NAME = "$(TARGET_NAME)";
				SWIFT_VERSION = 5.0;
				TARGETED_DEVICE_FAMILY = "1,2";
			};
			name = Release;
		};
		0FF7258827F9964600232D12 /* Debug */ = {
			isa = XCBuildConfiguration;
			buildSettings = {
				ALWAYS_EMBED_SWIFT_STANDARD_LIBRARIES = YES;
				BUNDLE_LOADER = "$(TEST_HOST)";
				CODE_SIGN_STYLE = Automatic;
				DEVELOPMENT_TEAM = U83K4L583M;
				INFOPLIST_FILE = ZaloTests/Info.plist;
				IPHONEOS_DEPLOYMENT_TARGET = 14.5;
				LD_RUNPATH_SEARCH_PATHS = (
					"$(inherited)",
					"@executable_path/Frameworks",
					"@loader_path/Frameworks",
				);
				PRODUCT_BUNDLE_IDENTIFIER = com.iMan.ZaloTests;
				PRODUCT_NAME = "$(TARGET_NAME)";
				SWIFT_VERSION = 5.0;
				TARGETED_DEVICE_FAMILY = "1,2";
				TEST_HOST = "$(BUILT_PRODUCTS_DIR)/Zalo.app/Zalo";
			};
			name = Debug;
		};
		0FF7258927F9964600232D12 /* Release */ = {
			isa = XCBuildConfiguration;
			buildSettings = {
				ALWAYS_EMBED_SWIFT_STANDARD_LIBRARIES = YES;
				BUNDLE_LOADER = "$(TEST_HOST)";
				CODE_SIGN_STYLE = Automatic;
				DEVELOPMENT_TEAM = U83K4L583M;
				INFOPLIST_FILE = ZaloTests/Info.plist;
				IPHONEOS_DEPLOYMENT_TARGET = 14.5;
				LD_RUNPATH_SEARCH_PATHS = (
					"$(inherited)",
					"@executable_path/Frameworks",
					"@loader_path/Frameworks",
				);
				PRODUCT_BUNDLE_IDENTIFIER = com.iMan.ZaloTests;
				PRODUCT_NAME = "$(TARGET_NAME)";
				SWIFT_VERSION = 5.0;
				TARGETED_DEVICE_FAMILY = "1,2";
				TEST_HOST = "$(BUILT_PRODUCTS_DIR)/Zalo.app/Zalo";
			};
			name = Release;
		};
		0FF7258B27F9964600232D12 /* Debug */ = {
			isa = XCBuildConfiguration;
			buildSettings = {
				ALWAYS_EMBED_SWIFT_STANDARD_LIBRARIES = YES;
				CODE_SIGN_STYLE = Automatic;
				DEVELOPMENT_TEAM = U83K4L583M;
				INFOPLIST_FILE = ZaloUITests/Info.plist;
				LD_RUNPATH_SEARCH_PATHS = (
					"$(inherited)",
					"@executable_path/Frameworks",
					"@loader_path/Frameworks",
				);
				PRODUCT_BUNDLE_IDENTIFIER = com.iMan.ZaloUITests;
				PRODUCT_NAME = "$(TARGET_NAME)";
				SWIFT_VERSION = 5.0;
				TARGETED_DEVICE_FAMILY = "1,2";
				TEST_TARGET_NAME = Zalo;
			};
			name = Debug;
		};
		0FF7258C27F9964600232D12 /* Release */ = {
			isa = XCBuildConfiguration;
			buildSettings = {
				ALWAYS_EMBED_SWIFT_STANDARD_LIBRARIES = YES;
				CODE_SIGN_STYLE = Automatic;
				DEVELOPMENT_TEAM = U83K4L583M;
				INFOPLIST_FILE = ZaloUITests/Info.plist;
				LD_RUNPATH_SEARCH_PATHS = (
					"$(inherited)",
					"@executable_path/Frameworks",
					"@loader_path/Frameworks",
				);
				PRODUCT_BUNDLE_IDENTIFIER = com.iMan.ZaloUITests;
				PRODUCT_NAME = "$(TARGET_NAME)";
				SWIFT_VERSION = 5.0;
				TARGETED_DEVICE_FAMILY = "1,2";
				TEST_TARGET_NAME = Zalo;
			};
			name = Release;
		};
/* End XCBuildConfiguration section */

/* Begin XCConfigurationList section */
		0FF7255527F9964400232D12 /* Build configuration list for PBXProject "Zalo" */ = {
			isa = XCConfigurationList;
			buildConfigurations = (
				0FF7258227F9964600232D12 /* Debug */,
				0FF7258327F9964600232D12 /* Release */,
			);
			defaultConfigurationIsVisible = 0;
			defaultConfigurationName = Release;
		};
		0FF7258427F9964600232D12 /* Build configuration list for PBXNativeTarget "Zalo" */ = {
			isa = XCConfigurationList;
			buildConfigurations = (
				0FF7258527F9964600232D12 /* Debug */,
				0FF7258627F9964600232D12 /* Release */,
			);
			defaultConfigurationIsVisible = 0;
			defaultConfigurationName = Release;
		};
		0FF7258727F9964600232D12 /* Build configuration list for PBXNativeTarget "ZaloTests" */ = {
			isa = XCConfigurationList;
			buildConfigurations = (
				0FF7258827F9964600232D12 /* Debug */,
				0FF7258927F9964600232D12 /* Release */,
			);
			defaultConfigurationIsVisible = 0;
			defaultConfigurationName = Release;
		};
		0FF7258A27F9964600232D12 /* Build configuration list for PBXNativeTarget "ZaloUITests" */ = {
			isa = XCConfigurationList;
			buildConfigurations = (
				0FF7258B27F9964600232D12 /* Debug */,
				0FF7258C27F9964600232D12 /* Release */,
			);
			defaultConfigurationIsVisible = 0;
			defaultConfigurationName = Release;
		};
/* End XCConfigurationList section */
	};
	rootObject = 0FF7255227F9964400232D12 /* Project object */;
}
